// !$*UTF8*$!
{
  archiveVersion = 1;
  classes = {};
  objectVersion = 54;
  objects = {
/* Begin PBXBuildFile section */
    A00000000000000000000010 = {isa = PBXBuildFile; fileRef = A00000000000000000000011;};
/* End PBXBuildFile section */
/* Begin PBXFileReference section */
    A00000000000000000000001 = {isa = PBXFileReference; explicitFileType = wrapper.application; path = JesusFilmWatch.app; sourceTree = BUILT_PRODUCTS_DIR;};
    A00000000000000000000011 = {isa = PBXFileReference; lastKnownFileType = sourcecode.swift; path = App.swift; sourceTree = "<group>";};
/* End PBXFileReference section */
/* Begin PBXGroup section */
    A00000000000000000000002 = {isa = PBXGroup; children = (A00000000000000000000003, A00000000000000000000004,); sourceTree = "<group>";};
    A00000000000000000000003 = {isa = PBXGroup; children = (A00000000000000000000001,); name = Products; sourceTree = "<group>";};
    A00000000000000000000004 = {isa = PBXGroup; children = (); name = Frameworks; sourceTree = "<group>";};
/* End PBXGroup section */
/* Begin PBXNativeTarget section */
    A00000000000000000000005 = {isa = PBXNativeTarget; buildConfigurationList = A00000000000000000000008; buildPhases = (); buildRules = (); dependencies = (); name = JesusFilmWatch; productName = JesusFilmWatch; productReference = A00000000000000000000001; productType = "com.apple.product-type.application";};
/* End PBXNativeTarget section */
/* Begin XCBuildConfiguration section */
    A00000000000000000000006 = {isa = XCBuildConfiguration; buildSettings = {CURRENT_PROJECT_VERSION = 12; MARKETING_VERSION = 1.2.3; DEVELOPMENT_TEAM = DQ48D9BF2V; TVOS_DEPLOYMENT_TARGET = 16.0;}; name = Debug;};
    A00000000000000000000007 = {isa = XCBuildConfiguration; buildSettings = {CURRENT_PROJECT_VERSION = 12; MARKETING_VERSION = 1.2.3; DEVELOPMENT_TEAM = DQ48D9BF2V; TVOS_DEPLOYMENT_TARGET = 16.0;}; name = Release;};
/* End XCBuildConfiguration section */
/* Begin XCConfigurationList section */
    A00000000000000000000008 = {isa = XCConfigurationList; buildConfigurations = (A00000000000000000000006 /* Debug */, A00000000000000000000007 /* Release */,); defaultConfigurationIsVisible = 0; defaultConfigurationName = Release;};
/* End XCConfigurationList section */
/* Begin PBXProject section */
    A00000000000000000000009 = {isa = PBXProject; attributes = {}; buildConfigurationList = A00000000000000000000008; compatibilityVersion = "Xcode 14.0"; developmentRegion = en; knownRegions = (en, Base,); mainGroup = A00000000000000000000002; productRefGroup = A00000000000000000000003; projectDirPath = ""; projectRoot = ""; targets = (A00000000000000000000005 /* JesusFilmWatch */,);};
/* End PBXProject section */
  };
  rootObject = A00000000000000000000009;
}
